
Microsoft Visual Studio Solution File, Format Version 12.00
# Visual Studio 15
Project("{2150E333-8FDC-42A3-9474-1A3956D46DE8}") = "SharedKernel", "SharedKernel", "{BC71B4AE-0F77-40B1-88AF-2FF533718F31}"
EndProject
Project("{FAE04EC0-301F-11D3-BF4B-00C04F79EFBC}") = "Moms.SharedKernel", "Moms.SharedKernel\Moms.SharedKernel.csproj", "{3017C60D-8798-49A3-998F-C554906D2274}"
EndProject
Project("{FAE04EC0-301F-11D3-BF4B-00C04F79EFBC}") = "Moms.SharedKernel.Infrastructure", "Moms.SharedKernel.Infrastructure\Moms.SharedKernel.Infrastructure.csproj", "{C696A5AB-4222-46A9-9ED2-CE8B4E8E7F3C}"
EndProject
Project("{2150E333-8FDC-42A3-9474-1A3956D46DE8}") = "Registration", "Registration", "{1DC8F059-B492-4C1D-9214-E201BEC803B5}"
EndProject
Project("{FAE04EC0-301F-11D3-BF4B-00C04F79EFBC}") = "Moms.RegistrationManagement.Core", "Moms.RegistrationManagement.Core\Moms.RegistrationManagement.Core.csproj", "{662F002E-3847-41ED-AF88-B62C70A0B317}"
EndProject
Project("{FAE04EC0-301F-11D3-BF4B-00C04F79EFBC}") = "Moms.RegistrationManagement.Infrastructure", "Moms.RegistrationManagement.Infrastructure\Moms.RegistrationManagement.Infrastructure.csproj", "{830A5F1F-2657-47DA-B6B6-71EF6659BF36}"
EndProject
Project("{FAE04EC0-301F-11D3-BF4B-00C04F79EFBC}") = "Moms.RegistrationManagement", "Moms.RegistrationManagement\Moms.RegistrationManagement.csproj", "{3B4DC727-7391-4DC7-9F92-6E2FC4895680}"
EndProject
Project("{2150E333-8FDC-42A3-9474-1A3956D46DE8}") = "Revenue", "Revenue", "{906D0A7F-C6EA-41FA-A537-0DB274B10DE1}"
EndProject
Project("{FAE04EC0-301F-11D3-BF4B-00C04F79EFBC}") = "Moms.RevenueManagement.Core", "Moms.RevenueManagement.Core\Moms.RevenueManagement.Core.csproj", "{29F834ED-D39A-4CE3-817E-9608AAD345CB}"
EndProject
Project("{FAE04EC0-301F-11D3-BF4B-00C04F79EFBC}") = "Moms.RevenueManagement.Infrastructure", "Moms.RevenueManagement.Infrastructure\Moms.RevenueManagement.Infrastructure.csproj", "{BD52F599-8673-4FE3-A885-87D47177A20B}"
EndProject
Project("{FAE04EC0-301F-11D3-BF4B-00C04F79EFBC}") = "Moms.RevenueManagement", "Moms.RevenueManagement\Moms.RevenueManagement.csproj", "{975CD62B-0BB8-47CD-841E-B63FE8AF8748}"
EndProject
Project("{2150E333-8FDC-42A3-9474-1A3956D46DE8}") = "Laboratory", "Laboratory", "{90E48369-35FC-45DC-BBAE-8C63738E4A0E}"
EndProject
Project("{FAE04EC0-301F-11D3-BF4B-00C04F79EFBC}") = "Moms.Laboratory.Management", "Moms.Laboratory.Management\Moms.Laboratory.Management.csproj", "{9D066B39-F687-4CCC-92E0-C981C559DD41}"
EndProject
Project("{FAE04EC0-301F-11D3-BF4B-00C04F79EFBC}") = "Moms.Laboratory.Core", "Moms.Laboratory.Core\Moms.Laboratory.Core.csproj", "{398C9B7B-DA29-4721-B8C6-66694B80629F}"
EndProject
Project("{FAE04EC0-301F-11D3-BF4B-00C04F79EFBC}") = "Moms.Laboratory.Infrastructure", "Moms.Laboratory.Infrastructure\Moms.Laboratory.Infrastructure.csproj", "{5424057D-7796-48BE-8B31-F4F29669E3B0}"
EndProject
Project("{2150E333-8FDC-42A3-9474-1A3956D46DE8}") = "Lookup", "Lookup", "{63C6950B-CC4D-4D5E-9329-627B46884EE3}"
EndProject
Project("{FAE04EC0-301F-11D3-BF4B-00C04F79EFBC}") = "Moms.Lookup.Management", "Moms.Lookup.Management\Moms.Lookup.Management.csproj", "{6E253DE5-7253-4E92-B1AE-C9500C6BC261}"
EndProject
Project("{FAE04EC0-301F-11D3-BF4B-00C04F79EFBC}") = "Moms.Lookup.Core", "Moms.Lookup.Core\Moms.Lookup.Core.csproj", "{B4695B05-3388-4BBE-ADC4-62C9E14F32B0}"
EndProject
Project("{FAE04EC0-301F-11D3-BF4B-00C04F79EFBC}") = "Moms.Lookup.Infrastructure", "Moms.Lookup.Infrastructure\Moms.Lookup.Infrastructure.csproj", "{60602F86-1014-4380-BF68-0F3B07BC20AF}"
EndProject
Project("{2150E333-8FDC-42A3-9474-1A3956D46DE8}") = "Clinical", "Clinical", "{0D74D79F-3619-44FC-9A76-4D577AF722C8}"
EndProject
Project("{FAE04EC0-301F-11D3-BF4B-00C04F79EFBC}") = "Moms.Clinical.Management", "Moms.Clinical.Management\Moms.Clinical.Management.csproj", "{111CA29F-FEFC-4F27-BE50-502C59450EEE}"
EndProject
Project("{FAE04EC0-301F-11D3-BF4B-00C04F79EFBC}") = "Moms.Clinical.Core", "Moms.Clinical.Core\Moms.Clinical.Core.csproj", "{40D51DDA-29E4-448F-95F7-C51A66BFF802}"
EndProject
Project("{FAE04EC0-301F-11D3-BF4B-00C04F79EFBC}") = "Moms.Clinical.Infrastructure", "Moms.Clinical.Infrastructure\Moms.Clinical.Infrastructure.csproj", "{2AE553CD-4790-4205-9E2D-707A75CA764E}"
EndProject
Project("{2150E333-8FDC-42A3-9474-1A3956D46DE8}") = "SupplyChain", "SupplyChain", "{D4768658-E153-46FD-98DD-DBF72443D62D}"
EndProject
Project("{FAE04EC0-301F-11D3-BF4B-00C04F79EFBC}") = "Moms.SupplyChain.Management", "Moms.SupplyChain.Management\Moms.SupplyChain.Management.csproj", "{239EC622-5622-4374-8396-3032375DAFEB}"
EndProject
Project("{FAE04EC0-301F-11D3-BF4B-00C04F79EFBC}") = "Moms.SupplyChain.Infrastructure", "Moms.SupplyChain.Infrastructure\Moms.SupplyChain.Infrastructure.csproj", "{57D6C587-D22B-4400-9263-68C6D75BFEF6}"
EndProject
Project("{FAE04EC0-301F-11D3-BF4B-00C04F79EFBC}") = "Moms.SupplyChain.Core", "Moms.SupplyChain.Core\Moms.SupplyChain.Core.csproj", "{0984EED4-9CD7-4765-825F-301285884BD8}"
EndProject
Global
	GlobalSection(SolutionConfigurationPlatforms) = preSolution
		Debug|Any CPU = Debug|Any CPU
		Release|Any CPU = Release|Any CPU
	EndGlobalSection
	GlobalSection(ProjectConfigurationPlatforms) = postSolution
		{3017C60D-8798-49A3-998F-C554906D2274}.Debug|Any CPU.ActiveCfg = Debug|Any CPU
		{3017C60D-8798-49A3-998F-C554906D2274}.Debug|Any CPU.Build.0 = Debug|Any CPU
		{3017C60D-8798-49A3-998F-C554906D2274}.Release|Any CPU.ActiveCfg = Release|Any CPU
		{3017C60D-8798-49A3-998F-C554906D2274}.Release|Any CPU.Build.0 = Release|Any CPU
		{C696A5AB-4222-46A9-9ED2-CE8B4E8E7F3C}.Debug|Any CPU.ActiveCfg = Debug|Any CPU
		{C696A5AB-4222-46A9-9ED2-CE8B4E8E7F3C}.Debug|Any CPU.Build.0 = Debug|Any CPU
		{C696A5AB-4222-46A9-9ED2-CE8B4E8E7F3C}.Release|Any CPU.ActiveCfg = Release|Any CPU
		{C696A5AB-4222-46A9-9ED2-CE8B4E8E7F3C}.Release|Any CPU.Build.0 = Release|Any CPU
		{662F002E-3847-41ED-AF88-B62C70A0B317}.Debug|Any CPU.ActiveCfg = Debug|Any CPU
		{662F002E-3847-41ED-AF88-B62C70A0B317}.Debug|Any CPU.Build.0 = Debug|Any CPU
		{662F002E-3847-41ED-AF88-B62C70A0B317}.Release|Any CPU.ActiveCfg = Release|Any CPU
		{662F002E-3847-41ED-AF88-B62C70A0B317}.Release|Any CPU.Build.0 = Release|Any CPU
		{830A5F1F-2657-47DA-B6B6-71EF6659BF36}.Debug|Any CPU.ActiveCfg = Debug|Any CPU
		{830A5F1F-2657-47DA-B6B6-71EF6659BF36}.Debug|Any CPU.Build.0 = Debug|Any CPU
		{830A5F1F-2657-47DA-B6B6-71EF6659BF36}.Release|Any CPU.ActiveCfg = Release|Any CPU
		{830A5F1F-2657-47DA-B6B6-71EF6659BF36}.Release|Any CPU.Build.0 = Release|Any CPU
		{3B4DC727-7391-4DC7-9F92-6E2FC4895680}.Debug|Any CPU.ActiveCfg = Debug|Any CPU
		{3B4DC727-7391-4DC7-9F92-6E2FC4895680}.Debug|Any CPU.Build.0 = Debug|Any CPU
		{3B4DC727-7391-4DC7-9F92-6E2FC4895680}.Release|Any CPU.ActiveCfg = Release|Any CPU
		{3B4DC727-7391-4DC7-9F92-6E2FC4895680}.Release|Any CPU.Build.0 = Release|Any CPU
		{29F834ED-D39A-4CE3-817E-9608AAD345CB}.Debug|Any CPU.ActiveCfg = Debug|Any CPU
		{29F834ED-D39A-4CE3-817E-9608AAD345CB}.Debug|Any CPU.Build.0 = Debug|Any CPU
		{29F834ED-D39A-4CE3-817E-9608AAD345CB}.Release|Any CPU.ActiveCfg = Release|Any CPU
		{29F834ED-D39A-4CE3-817E-9608AAD345CB}.Release|Any CPU.Build.0 = Release|Any CPU
		{BD52F599-8673-4FE3-A885-87D47177A20B}.Debug|Any CPU.ActiveCfg = Debug|Any CPU
		{BD52F599-8673-4FE3-A885-87D47177A20B}.Debug|Any CPU.Build.0 = Debug|Any CPU
		{BD52F599-8673-4FE3-A885-87D47177A20B}.Release|Any CPU.ActiveCfg = Release|Any CPU
		{BD52F599-8673-4FE3-A885-87D47177A20B}.Release|Any CPU.Build.0 = Release|Any CPU
		{975CD62B-0BB8-47CD-841E-B63FE8AF8748}.Debug|Any CPU.ActiveCfg = Debug|Any CPU
		{975CD62B-0BB8-47CD-841E-B63FE8AF8748}.Debug|Any CPU.Build.0 = Debug|Any CPU
		{975CD62B-0BB8-47CD-841E-B63FE8AF8748}.Release|Any CPU.ActiveCfg = Release|Any CPU
		{975CD62B-0BB8-47CD-841E-B63FE8AF8748}.Release|Any CPU.Build.0 = Release|Any CPU
		{9D066B39-F687-4CCC-92E0-C981C559DD41}.Debug|Any CPU.ActiveCfg = Debug|Any CPU
		{9D066B39-F687-4CCC-92E0-C981C559DD41}.Debug|Any CPU.Build.0 = Debug|Any CPU
		{9D066B39-F687-4CCC-92E0-C981C559DD41}.Release|Any CPU.ActiveCfg = Release|Any CPU
		{9D066B39-F687-4CCC-92E0-C981C559DD41}.Release|Any CPU.Build.0 = Release|Any CPU
		{398C9B7B-DA29-4721-B8C6-66694B80629F}.Debug|Any CPU.ActiveCfg = Debug|Any CPU
		{398C9B7B-DA29-4721-B8C6-66694B80629F}.Debug|Any CPU.Build.0 = Debug|Any CPU
		{398C9B7B-DA29-4721-B8C6-66694B80629F}.Release|Any CPU.ActiveCfg = Release|Any CPU
		{398C9B7B-DA29-4721-B8C6-66694B80629F}.Release|Any CPU.Build.0 = Release|Any CPU
		{5424057D-7796-48BE-8B31-F4F29669E3B0}.Debug|Any CPU.ActiveCfg = Debug|Any CPU
		{5424057D-7796-48BE-8B31-F4F29669E3B0}.Debug|Any CPU.Build.0 = Debug|Any CPU
		{5424057D-7796-48BE-8B31-F4F29669E3B0}.Release|Any CPU.ActiveCfg = Release|Any CPU
		{5424057D-7796-48BE-8B31-F4F29669E3B0}.Release|Any CPU.Build.0 = Release|Any CPU
		{6E253DE5-7253-4E92-B1AE-C9500C6BC261}.Debug|Any CPU.ActiveCfg = Debug|Any CPU
		{6E253DE5-7253-4E92-B1AE-C9500C6BC261}.Debug|Any CPU.Build.0 = Debug|Any CPU
		{6E253DE5-7253-4E92-B1AE-C9500C6BC261}.Release|Any CPU.ActiveCfg = Release|Any CPU
		{6E253DE5-7253-4E92-B1AE-C9500C6BC261}.Release|Any CPU.Build.0 = Release|Any CPU
		{B4695B05-3388-4BBE-ADC4-62C9E14F32B0}.Debug|Any CPU.ActiveCfg = Debug|Any CPU
		{B4695B05-3388-4BBE-ADC4-62C9E14F32B0}.Debug|Any CPU.Build.0 = Debug|Any CPU
		{B4695B05-3388-4BBE-ADC4-62C9E14F32B0}.Release|Any CPU.ActiveCfg = Release|Any CPU
		{B4695B05-3388-4BBE-ADC4-62C9E14F32B0}.Release|Any CPU.Build.0 = Release|Any CPU
		{60602F86-1014-4380-BF68-0F3B07BC20AF}.Debug|Any CPU.ActiveCfg = Debug|Any CPU
		{60602F86-1014-4380-BF68-0F3B07BC20AF}.Debug|Any CPU.Build.0 = Debug|Any CPU
		{60602F86-1014-4380-BF68-0F3B07BC20AF}.Release|Any CPU.ActiveCfg = Release|Any CPU
		{60602F86-1014-4380-BF68-0F3B07BC20AF}.Release|Any CPU.Build.0 = Release|Any CPU
		{111CA29F-FEFC-4F27-BE50-502C59450EEE}.Debug|Any CPU.ActiveCfg = Debug|Any CPU
		{111CA29F-FEFC-4F27-BE50-502C59450EEE}.Debug|Any CPU.Build.0 = Debug|Any CPU
		{111CA29F-FEFC-4F27-BE50-502C59450EEE}.Release|Any CPU.ActiveCfg = Release|Any CPU
		{111CA29F-FEFC-4F27-BE50-502C59450EEE}.Release|Any CPU.Build.0 = Release|Any CPU
		{40D51DDA-29E4-448F-95F7-C51A66BFF802}.Debug|Any CPU.ActiveCfg = Debug|Any CPU
		{40D51DDA-29E4-448F-95F7-C51A66BFF802}.Debug|Any CPU.Build.0 = Debug|Any CPU
		{40D51DDA-29E4-448F-95F7-C51A66BFF802}.Release|Any CPU.ActiveCfg = Release|Any CPU
		{40D51DDA-29E4-448F-95F7-C51A66BFF802}.Release|Any CPU.Build.0 = Release|Any CPU
		{2AE553CD-4790-4205-9E2D-707A75CA764E}.Debug|Any CPU.ActiveCfg = Debug|Any CPU
		{2AE553CD-4790-4205-9E2D-707A75CA764E}.Debug|Any CPU.Build.0 = Debug|Any CPU
		{2AE553CD-4790-4205-9E2D-707A75CA764E}.Release|Any CPU.ActiveCfg = Release|Any CPU
		{2AE553CD-4790-4205-9E2D-707A75CA764E}.Release|Any CPU.Build.0 = Release|Any CPU
		{239EC622-5622-4374-8396-3032375DAFEB}.Debug|Any CPU.ActiveCfg = Debug|Any CPU
		{239EC622-5622-4374-8396-3032375DAFEB}.Debug|Any CPU.Build.0 = Debug|Any CPU
		{239EC622-5622-4374-8396-3032375DAFEB}.Release|Any CPU.ActiveCfg = Release|Any CPU
		{239EC622-5622-4374-8396-3032375DAFEB}.Release|Any CPU.Build.0 = Release|Any CPU
		{57D6C587-D22B-4400-9263-68C6D75BFEF6}.Debug|Any CPU.ActiveCfg = Debug|Any CPU
		{57D6C587-D22B-4400-9263-68C6D75BFEF6}.Debug|Any CPU.Build.0 = Debug|Any CPU
		{57D6C587-D22B-4400-9263-68C6D75BFEF6}.Release|Any CPU.ActiveCfg = Release|Any CPU
		{57D6C587-D22B-4400-9263-68C6D75BFEF6}.Release|Any CPU.Build.0 = Release|Any CPU
		{0984EED4-9CD7-4765-825F-301285884BD8}.Debug|Any CPU.ActiveCfg = Debug|Any CPU
		{0984EED4-9CD7-4765-825F-301285884BD8}.Debug|Any CPU.Build.0 = Debug|Any CPU
		{0984EED4-9CD7-4765-825F-301285884BD8}.Release|Any CPU.ActiveCfg = Release|Any CPU
		{0984EED4-9CD7-4765-825F-301285884BD8}.Release|Any CPU.Build.0 = Release|Any CPU
	EndGlobalSection
	GlobalSection(NestedProjects) = preSolution
		{3017C60D-8798-49A3-998F-C554906D2274} = {BC71B4AE-0F77-40B1-88AF-2FF533718F31}
		{C696A5AB-4222-46A9-9ED2-CE8B4E8E7F3C} = {BC71B4AE-0F77-40B1-88AF-2FF533718F31}
		{662F002E-3847-41ED-AF88-B62C70A0B317} = {1DC8F059-B492-4C1D-9214-E201BEC803B5}
		{830A5F1F-2657-47DA-B6B6-71EF6659BF36} = {1DC8F059-B492-4C1D-9214-E201BEC803B5}
		{3B4DC727-7391-4DC7-9F92-6E2FC4895680} = {1DC8F059-B492-4C1D-9214-E201BEC803B5}
		{29F834ED-D39A-4CE3-817E-9608AAD345CB} = {906D0A7F-C6EA-41FA-A537-0DB274B10DE1}
		{BD52F599-8673-4FE3-A885-87D47177A20B} = {906D0A7F-C6EA-41FA-A537-0DB274B10DE1}
		{975CD62B-0BB8-47CD-841E-B63FE8AF8748} = {906D0A7F-C6EA-41FA-A537-0DB274B10DE1}
		{9D066B39-F687-4CCC-92E0-C981C559DD41} = {90E48369-35FC-45DC-BBAE-8C63738E4A0E}
		{398C9B7B-DA29-4721-B8C6-66694B80629F} = {90E48369-35FC-45DC-BBAE-8C63738E4A0E}
		{5424057D-7796-48BE-8B31-F4F29669E3B0} = {90E48369-35FC-45DC-BBAE-8C63738E4A0E}
		{6E253DE5-7253-4E92-B1AE-C9500C6BC261} = {63C6950B-CC4D-4D5E-9329-627B46884EE3}
		{B4695B05-3388-4BBE-ADC4-62C9E14F32B0} = {63C6950B-CC4D-4D5E-9329-627B46884EE3}
		{60602F86-1014-4380-BF68-0F3B07BC20AF} = {63C6950B-CC4D-4D5E-9329-627B46884EE3}
		{111CA29F-FEFC-4F27-BE50-502C59450EEE} = {0D74D79F-3619-44FC-9A76-4D577AF722C8}
		{40D51DDA-29E4-448F-95F7-C51A66BFF802} = {0D74D79F-3619-44FC-9A76-4D577AF722C8}
		{2AE553CD-4790-4205-9E2D-707A75CA764E} = {0D74D79F-3619-44FC-9A76-4D577AF722C8}
		{239EC622-5622-4374-8396-3032375DAFEB} = {D4768658-E153-46FD-98DD-DBF72443D62D}
		{57D6C587-D22B-4400-9263-68C6D75BFEF6} = {D4768658-E153-46FD-98DD-DBF72443D62D}
		{0984EED4-9CD7-4765-825F-301285884BD8} = {D4768658-E153-46FD-98DD-DBF72443D62D}
	EndGlobalSection
EndGlobal
